{
    "_readme": [
        "This file locks the dependencies of your project to a known state",
        "Read more about it at https://getcomposer.org/doc/01-basic-usage.md#composer-lock-the-lock-file",
        "This file is @generated automatically"
    ],
    "hash": "a5a7dfb2759e0f9676f23ebaf34a966f",
    "content-hash": "1fd668be436d40cb08b6e642a6c454a6",
    "packages": [
        {
            "name": "kzykhys/git",
            "version": "dev-master",
            "source": {
                "type": "git",
                "url": "https://github.com/kzykhys/PHPGit.git",
                "reference": "8b3ee3147d58e0aee62610f0aebcd30eb076ad5d"
            },
            "dist": {
                "type": "zip",
                "url": "https://api.github.com/repos/kzykhys/PHPGit/zipball/8b3ee3147d58e0aee62610f0aebcd30eb076ad5d",
                "reference": "8b3ee3147d58e0aee62610f0aebcd30eb076ad5d",
                "shasum": ""
            },
            "require": {
                "php": ">=5.3.2",
                "symfony/options-resolver": ">=2.3",
                "symfony/process": ">=2.3"
            },
            "require-dev": {
                "symfony/filesystem": ">=2.3"
            },
            "type": "library",
            "extra": {
                "branch-alias": {
                    "dev-master": "1.0.x-dev"
                }
            },
            "autoload": {
                "psr-0": {
                    "": "src"
                }
            },
            "notification-url": "https://packagist.org/downloads/",
            "license": [
                "MIT"
            ],
            "authors": [
                {
                    "name": "Kazuyuki Hayashi",
                    "email": "hayashi@valnur.net"
                }
            ],
            "description": "A Git wrapper for PHP5.3+",
            "time": "2014-02-27 13:14:59"
        },
        {
            "name": "symfony/options-resolver",
            "version": "v2.3.42",
            "target-dir": "Symfony/Component/OptionsResolver",
            "source": {
                "type": "git",
                "url": "https://github.com/symfony/options-resolver.git",
                "reference": "abbded2c8f191a5529075af308c6eaecc54195b3"
            },
            "dist": {
                "type": "zip",
                "url": "https://api.github.com/repos/symfony/options-resolver/zipball/abbded2c8f191a5529075af308c6eaecc54195b3",
                "reference": "abbded2c8f191a5529075af308c6eaecc54195b3",
                "shasum": ""
            },
            "require": {
                "php": ">=5.3.3"
            },
            "type": "library",
            "extra": {
                "branch-alias": {
                    "dev-master": "2.3-dev"
                }
            },
            "autoload": {
                "psr-0": {
                    "Symfony\\Component\\OptionsResolver\\": ""
                },
                "exclude-from-classmap": [
                    "/Tests/"
                ]
            },
            "notification-url": "https://packagist.org/downloads/",
            "license": [
                "MIT"
            ],
            "authors": [
                {
                    "name": "Fabien Potencier",
                    "email": "fabien@symfony.com"
                },
                {
                    "name": "Symfony Community",
                    "homepage": "https://symfony.com/contributors"
                }
            ],
            "description": "Symfony OptionsResolver Component",
            "homepage": "https://symfony.com",
            "keywords": [
                "config",
                "configuration",
                "options"
            ],
            "time": "2016-05-06 20:13:08"
        },
        {
            "name": "symfony/process",
            "version": "v2.3.42",
            "target-dir": "Symfony/Component/Process",
            "source": {
                "type": "git",
                "url": "https://github.com/symfony/process.git",
                "reference": "89aced1438655ad81fc828c2e2e555e9b88fef3b"
            },
            "dist": {
                "type": "zip",
                "url": "https://api.github.com/repos/symfony/process/zipball/89aced1438655ad81fc828c2e2e555e9b88fef3b",
                "reference": "89aced1438655ad81fc828c2e2e555e9b88fef3b",
                "shasum": ""
            },
            "require": {
                "php": ">=5.3.3"
            },
            "type": "library",
            "extra": {
                "branch-alias": {
                    "dev-master": "2.3-dev"
                }
            },
            "autoload": {
                "psr-0": {
                    "Symfony\\Component\\Process\\": ""
                },
                "exclude-from-classmap": [
                    "/Tests/"
                ]
            },
            "notification-url": "https://packagist.org/downloads/",
            "license": [
                "MIT"
            ],
            "authors": [
                {
                    "name": "Fabien Potencier",
                    "email": "fabien@symfony.com"
                },
                {
                    "name": "Symfony Community",
                    "homepage": "https://symfony.com/contributors"
                }
            ],
            "description": "Symfony Process Component",
            "homepage": "https://symfony.com",
            "time": "2016-03-31 08:39:43"
        }
    ],
    "packages-dev": [],
    "aliases": [],
    "minimum-stability": "stable",
    "stability-flags": {
        "kzykhys/git": 20
    },
    "prefer-stable": false,
    "prefer-lowest": false,
    "platform": {
        "php": ">=5.3.2"
    },
    "platform-dev": []
}
